
Microsoft Visual Studio Solution File, Format Version 12.00
# Visual Studio Version 16
VisualStudioVersion = 16.0.30406.217
MinimumVisualStudioVersion = 10.0.40219.1
Project("{2150E333-8FDC-42A3-9474-1A3956D46DE8}") = "src", "src", "{3953BFF9-4537-40F1-8AC0-7CCE7B1D1586}"
EndProject
Project("{2150E333-8FDC-42A3-9474-1A3956D46DE8}") = "tests", "tests", "{54DA8635-C0D9-4641-8364-07D5892E2B24}"
EndProject
Project("{9A19103F-16F7-4668-BE54-9A1E7A4F7556}") = "Nobreak", "src\Nobreak\Nobreak.csproj", "{BA90BA07-FB63-4B74-A1B5-A4B69CF2E064}"
EndProject
Project("{9A19103F-16F7-4668-BE54-9A1E7A4F7556}") = "Nobreak.Tests", "tests\Nobreak.Tests\Nobreak.Tests.csproj", "{AD7A111A-D54F-4D2F-A09D-E9E720F59BC6}"
EndProject
Project("{9A19103F-16F7-4668-BE54-9A1E7A4F7556}") = "Nobreak.Infra", "src\Nobreak.Infra\Nobreak.Infra.csproj", "{03125141-69E6-4689-B4C2-B9B3F8C3256E}"
EndProject
Project("{2150E333-8FDC-42A3-9474-1A3956D46DE8}") = "Solution Items", "Solution Items", "{E2A1252A-3CEE-49DA-8BE8-EAA471BDF250}"
	ProjectSection(SolutionItems) = preProject
		.dockerignore = .dockerignore
		.gitattributes = .gitattributes
		.gitignore = .gitignore
		.github\workflows\docker.yml = .github\workflows\docker.yml
		Dockerfile = Dockerfile
		.github\workflows\dotnet-core.yml = .github\workflows\dotnet-core.yml
		readme.md = readme.md
	EndProjectSection
EndProject
Global
	GlobalSection(SolutionConfigurationPlatforms) = preSolution
		Debug|Any CPU = Debug|Any CPU
		Release|Any CPU = Release|Any CPU
	EndGlobalSection
	GlobalSection(ProjectConfigurationPlatforms) = postSolution
		{BA90BA07-FB63-4B74-A1B5-A4B69CF2E064}.Debug|Any CPU.ActiveCfg = Debug|Any CPU
		{BA90BA07-FB63-4B74-A1B5-A4B69CF2E064}.Debug|Any CPU.Build.0 = Debug|Any CPU
		{BA90BA07-FB63-4B74-A1B5-A4B69CF2E064}.Release|Any CPU.ActiveCfg = Release|Any CPU
		{BA90BA07-FB63-4B74-A1B5-A4B69CF2E064}.Release|Any CPU.Build.0 = Release|Any CPU
		{AD7A111A-D54F-4D2F-A09D-E9E720F59BC6}.Debug|Any CPU.ActiveCfg = Debug|Any CPU
		{AD7A111A-D54F-4D2F-A09D-E9E720F59BC6}.Debug|Any CPU.Build.0 = Debug|Any CPU
		{AD7A111A-D54F-4D2F-A09D-E9E720F59BC6}.Release|Any CPU.ActiveCfg = Release|Any CPU
		{AD7A111A-D54F-4D2F-A09D-E9E720F59BC6}.Release|Any CPU.Build.0 = Release|Any CPU
		{03125141-69E6-4689-B4C2-B9B3F8C3256E}.Debug|Any CPU.ActiveCfg = Debug|Any CPU
		{03125141-69E6-4689-B4C2-B9B3F8C3256E}.Debug|Any CPU.Build.0 = Debug|Any CPU
		{03125141-69E6-4689-B4C2-B9B3F8C3256E}.Release|Any CPU.ActiveCfg = Release|Any CPU
		{03125141-69E6-4689-B4C2-B9B3F8C3256E}.Release|Any CPU.Build.0 = Release|Any CPU
	EndGlobalSection
	GlobalSection(SolutionProperties) = preSolution
		HideSolutionNode = FALSE
	EndGlobalSection
	GlobalSection(NestedProjects) = preSolution
		{BA90BA07-FB63-4B74-A1B5-A4B69CF2E064} = {3953BFF9-4537-40F1-8AC0-7CCE7B1D1586}
		{AD7A111A-D54F-4D2F-A09D-E9E720F59BC6} = {54DA8635-C0D9-4641-8364-07D5892E2B24}
		{03125141-69E6-4689-B4C2-B9B3F8C3256E} = {3953BFF9-4537-40F1-8AC0-7CCE7B1D1586}
	EndGlobalSection
	GlobalSection(ExtensibilityGlobals) = postSolution
		SolutionGuid = {8405D6BC-B484-4FB2-AAEC-E83666133707}
	EndGlobalSection
EndGlobal
